// !$*UTF8*$!
{
	archiveVersion = 1;
	classes = {
	};
	objectVersion = 50;
	objects = {

/* Begin PBXBuildFile section */
		7B0CD605264594F200CD2592 /* main.m in Sources */ = {isa = PBXBuildFile; fileRef = 7B0CD604264594F200CD2592 /* main.m */; };
		7B0CD60E2645962200CD2592 /* EGParentClass.m in Sources */ = {isa = PBXBuildFile; fileRef = 7B0CD60D2645962200CD2592 /* EGParentClass.m */; };
		7B0CD6122645A6AE00CD2592 /* EGChildClass.m in Sources */ = {isa = PBXBuildFile; fileRef = 7B0CD6112645A6AE00CD2592 /* EGChildClass.m */; };
/* End PBXBuildFile section */

/* Begin PBXCopyFilesBuildPhase section */
		7B0CD5FF264594F200CD2592 /* CopyFiles */ = {
			isa = PBXCopyFilesBuildPhase;
			buildActionMask = 2147483647;
			dstPath = /usr/share/man/man1/;
			dstSubfolderSpec = 0;
			files = (
			);
			runOnlyForDeploymentPostprocessing = 1;
		};
/* End PBXCopyFilesBuildPhase section */

/* Begin PBXFileReference section */
		7B0CD601264594F200CD2592 /* Methods */ = {isa = PBXFileReference; explicitFileType = "compiled.mach-o.executable"; includeInIndex = 0; path = Methods; sourceTree = BUILT_PRODUCTS_DIR; };
		7B0CD604264594F200CD2592 /* main.m */ = {isa = PBXFileReference; lastKnownFileType = sourcecode.c.objc; path = main.m; sourceTree = "<group>"; };
		7B0CD60C2645962200CD2592 /* EGParentClass.h */ = {isa = PBXFileReference; lastKnownFileType = sourcecode.c.h; path = EGParentClass.h; sourceTree = "<group>"; };
		7B0CD60D2645962200CD2592 /* EGParentClass.m */ = {isa = PBXFileReference; lastKnownFileType = sourcecode.c.objc; path = EGParentClass.m; sourceTree = "<group>"; };
		7B0CD6102645A6AE00CD2592 /* EGChildClass.h */ = {isa = PBXFileReference; lastKnownFileType = sourcecode.c.h; path = EGChildClass.h; sourceTree = "<group>"; };
		7B0CD6112645A6AE00CD2592 /* EGChildClass.m */ = {isa = PBXFileReference; lastKnownFileType = sourcecode.c.objc; path = EGChildClass.m; sourceTree = "<group>"; };
/* End PBXFileReference section */

/* Begin PBXFrameworksBuildPhase section */
		7B0CD5FE264594F200CD2592 /* Frameworks */ = {
			isa = PBXFrameworksBuildPhase;
			buildActionMask = 2147483647;
			files = (
			);
			runOnlyForDeploymentPostprocessing = 0;
		};
/* End PBXFrameworksBuildPhase section */

/* Begin PBXGroup section */
		7B0CD5F8264594F200CD2592 = {
			isa = PBXGroup;
			children = (
				7B0CD603264594F200CD2592 /* Methods */,
				7B0CD602264594F200CD2592 /* Products */,
			);
			sourceTree = "<group>";
		};
		7B0CD602264594F200CD2592 /* Products */ = {
			isa = PBXGroup;
			children = (
				7B0CD601264594F200CD2592 /* Methods */,
			);
			name = Products;
			sourceTree = "<group>";
		};
		7B0CD603264594F200CD2592 /* Methods */ = {
			isa = PBXGroup;
			children = (
				7B0CD604264594F200CD2592 /* main.m */,
				7B0CD60C2645962200CD2592 /* EGParentClass.h */,
				7B0CD60D2645962200CD2592 /* EGParentClass.m */,
				7B0CD6102645A6AE00CD2592 /* EGChildClass.h */,
				7B0CD6112645A6AE00CD2592 /* EGChildClass.m */,
			);
			path = Methods;
			sourceTree = "<group>";
		};
/* End PBXGroup section */

/* Begin PBXNativeTarget section */
		7B0CD600264594F200CD2592 /* Methods */ = {
			isa = PBXNativeTarget;
			buildConfigurationList = 7B0CD608264594F200CD2592 /* Build configuration list for PBXNativeTarget "Methods" */;
			buildPhases = (
				7B0CD5FD264594F200CD2592 /* Sources */,
				7B0CD5FE264594F200CD2592 /* Frameworks */,
				7B0CD5FF264594F200CD2592 /* CopyFiles */,
			);
			buildRules = (
			);
			dependencies = (
			);
			name = Methods;
			productName = Methods;
			productReference = 7B0CD601264594F200CD2592 /* Methods */;
			productType = "com.apple.product-type.tool";
		};
/* End PBXNativeTarget section */

/* Begin PBXProject section */
		7B0CD5F9264594F200CD2592 /* Project object */ = {
			isa = PBXProject;
			attributes = {
				LastUpgradeCheck = 1240;
				TargetAttributes = {
					7B0CD600264594F200CD2592 = {
						CreatedOnToolsVersion = 12.4;
					};
				};
			};
			buildConfigurationList = 7B0CD5FC264594F200CD2592 /* Build configuration list for PBXProject "Methods" */;
			compatibilityVersion = "Xcode 9.3";
			developmentRegion = en;
			hasScannedForEncodings = 0;
			knownRegions = (
				en,
				Base,
			);
			mainGroup = 7B0CD5F8264594F200CD2592;
			productRefGroup = 7B0CD602264594F200CD2592 /* Products */;
			projectDirPath = "";
			projectRoot = "";
			targets = (
				7B0CD600264594F200CD2592 /* Methods */,
			);
		};
/* End PBXProject section */

/* Begin PBXSourcesBuildPhase section */
		7B0CD5FD264594F200CD2592 /* Sources */ = {
			isa = PBXSourcesBuildPhase;
			buildActionMask = 2147483647;
			files = (
				7B0CD6122645A6AE00CD2592 /* EGChildClass.m in Sources */,
				7B0CD60E2645962200CD2592 /* EGParentClass.m in Sources */,
				7B0CD605264594F200CD2592 /* main.m in Sources */,
			);
			runOnlyForDeploymentPostprocessing = 0;
		};
/* End PBXSourcesBuildPhase section */

/* Begin XCBuildConfiguration section */
		7B0CD606264594F200CD2592 /* Debug */ = {
			isa = XCBuildConfiguration;
			buildSettings = {
				ALWAYS_SEARCH_USER_PATHS = NO;
				CLANG_ANALYZER_NONNULL = YES;
				CLANG_ANALYZER_NUMBER_OBJECT_CONVERSION = YES_AGGRESSIVE;
				CLANG_CXX_LANGUAGE_STANDARD = "gnu++14";
				CLANG_CXX_LIBRARY = "libc++";
				CLANG_ENABLE_MODULES = YES;
				CLANG_ENABLE_OBJC_ARC = YES;
				CLANG_ENABLE_OBJC_WEAK = YES;
				CLANG_WARN_BLOCK_CAPTURE_AUTORELEASING = YES;
				CLANG_WARN_BOOL_CONVERSION = YES;
				CLANG_WARN_COMMA = YES;
				CLANG_WARN_CONSTANT_CONVERSION = YES;
				CLANG_WARN_DEPRECATED_OBJC_IMPLEMENTATIONS = YES;
				CLANG_WARN_DIRECT_OBJC_ISA_USAGE = YES_ERROR;
				CLANG_WARN_DOCUMENTATION_COMMENTS = YES;
				CLANG_WARN_EMPTY_BODY = YES;
				CLANG_WARN_ENUM_CONVERSION = YES;
				CLANG_WARN_INFINITE_RECURSION = YES;
				CLANG_WARN_INT_CONVERSION = YES;
				CLANG_WARN_NON_LITERAL_NULL_CONVERSION = YES;
				CLANG_WARN_OBJC_IMPLICIT_RETAIN_SELF = YES;
				CLANG_WARN_OBJC_LITERAL_CONVERSION = YES;
				CLANG_WARN_OBJC_ROOT_CLASS = YES_ERROR;
				CLANG_WARN_QUOTED_INCLUDE_IN_FRAMEWORK_HEADER = YES;
				CLANG_WARN_RANGE_LOOP_ANALYSIS = YES;
				CLANG_WARN_STRICT_PROTOTYPES = YES;
				CLANG_WARN_SUSPICIOUS_MOVE = YES;
				CLANG_WARN_UNGUARDED_AVAILABILITY = YES_AGGRESSIVE;
				CLANG_WARN_UNREACHABLE_CODE = YES;
				CLANG_WARN__DUPLICATE_METHOD_MATCH = YES;
				COPY_PHASE_STRIP = NO;
				DEBUG_INFORMATION_FORMAT = dwarf;
				ENABLE_STRICT_OBJC_MSGSEND = YES;
				ENABLE_TESTABILITY = YES;
				GCC_C_LANGUAGE_STANDARD = gnu11;
				GCC_DYNAMIC_NO_PIC = NO;
				GCC_NO_COMMON_BLOCKS = YES;
				GCC_OPTIMIZATION_LEVEL = 0;
				GCC_PREPROCESSOR_DEFINITIONS = (
					"DEBUG=1",
					"$(inherited)",
				);
				GCC_WARN_64_TO_32_BIT_CONVERSION = YES;
				GCC_WARN_ABOUT_RETURN_TYPE = YES_ERROR;
				GCC_WARN_UNDECLARED_SELECTOR = YES;
				GCC_WARN_UNINITIALIZED_AUTOS = YES_AGGRESSIVE;
				GCC_WARN_UNUSED_FUNCTION = YES;
				GCC_WARN_UNUSED_VARIABLE = YES;
				MACOSX_DEPLOYMENT_TARGET = 11.1;
				MTL_ENABLE_DEBUG_INFO = INCLUDE_SOURCE;
				MTL_FAST_MATH = YES;
				ONLY_ACTIVE_ARCH = YES;
				SDKROOT = macosx;
			};
			name = Debug;
		};
		7B0CD607264594F200CD2592 /* Release */ = {
			isa = XCBuildConfiguration;
			buildSettings = {
				ALWAYS_SEARCH_USER_PATHS = NO;
				CLANG_ANALYZER_NONNULL = YES;
				CLANG_ANALYZER_NUMBER_OBJECT_CONVERSION = YES_AGGRESSIVE;
				CLANG_CXX_LANGUAGE_STANDARD = "gnu++14";
				CLANG_CXX_LIBRARY = "libc++";
				CLANG_ENABLE_MODULES = YES;
				CLANG_ENABLE_OBJC_ARC = YES;
				CLANG_ENABLE_OBJC_WEAK = YES;
				CLANG_WARN_BLOCK_CAPTURE_AUTORELEASING = YES;
				CLANG_WARN_BOOL_CONVERSION = YES;
				CLANG_WARN_COMMA = YES;
				CLANG_WARN_CONSTANT_CONVERSION = YES;
				CLANG_WARN_DEPRECATED_OBJC_IMPLEMENTATIONS = YES;
				CLANG_WARN_DIRECT_OBJC_ISA_USAGE = YES_ERROR;
				CLANG_WARN_DOCUMENTATION_COMMENTS = YES;
				CLANG_WARN_EMPTY_BODY = YES;
				CLANG_WARN_ENUM_CONVERSION = YES;
				CLANG_WARN_INFINITE_RECURSION = YES;
				CLANG_WARN_INT_CONVERSION = YES;
				CLANG_WARN_NON_LITERAL_NULL_CONVERSION = YES;
				CLANG_WARN_OBJC_IMPLICIT_RETAIN_SELF = YES;
				CLANG_WARN_OBJC_LITERAL_CONVERSION = YES;
				CLANG_WARN_OBJC_ROOT_CLASS = YES_ERROR;
				CLANG_WARN_QUOTED_INCLUDE_IN_FRAMEWORK_HEADER = YES;
				CLANG_WARN_RANGE_LOOP_ANALYSIS = YES;
				CLANG_WARN_STRICT_PROTOTYPES = YES;
				CLANG_WARN_SUSPICIOUS_MOVE = YES;
				CLANG_WARN_UNGUARDED_AVAILABILITY = YES_AGGRESSIVE;
				CLANG_WARN_UNREACHABLE_CODE = YES;
				CLANG_WARN__DUPLICATE_METHOD_MATCH = YES;
				COPY_PHASE_STRIP = NO;
				DEBUG_INFORMATION_FORMAT = "dwarf-with-dsym";
				ENABLE_NS_ASSERTIONS = NO;
				ENABLE_STRICT_OBJC_MSGSEND = YES;
				GCC_C_LANGUAGE_STANDARD = gnu11;
				GCC_NO_COMMON_BLOCKS = YES;
				GCC_WARN_64_TO_32_BIT_CONVERSION = YES;
				GCC_WARN_ABOUT_RETURN_TYPE = YES_ERROR;
				GCC_WARN_UNDECLARED_SELECTOR = YES;
				GCC_WARN_UNINITIALIZED_AUTOS = YES_AGGRESSIVE;
				GCC_WARN_UNUSED_FUNCTION = YES;
				GCC_WARN_UNUSED_VARIABLE = YES;
				MACOSX_DEPLOYMENT_TARGET = 11.1;
				MTL_ENABLE_DEBUG_INFO = NO;
				MTL_FAST_MATH = YES;
				SDKROOT = macosx;
			};
			name = Release;
		};
		7B0CD609264594F200CD2592 /* Debug */ = {
			isa = XCBuildConfiguration;
			buildSettings = {
				CODE_SIGN_STYLE = Automatic;
				DEVELOPMENT_TEAM = 68FXT4UH73;
				ENABLE_HARDENED_RUNTIME = YES;
				PRODUCT_NAME = "$(TARGET_NAME)";
			};
			name = Debug;
		};
		7B0CD60A264594F200CD2592 /* Release */ = {
			isa = XCBuildConfiguration;
			buildSettings = {
				CODE_SIGN_STYLE = Automatic;
				DEVELOPMENT_TEAM = 68FXT4UH73;
				ENABLE_HARDENED_RUNTIME = YES;
				PRODUCT_NAME = "$(TARGET_NAME)";
			};
			name = Release;
		};
/* End XCBuildConfiguration section */

/* Begin XCConfigurationList section */
		7B0CD5FC264594F200CD2592 /* Build configuration list for PBXProject "Methods" */ = {
			isa = XCConfigurationList;
			buildConfigurations = (
				7B0CD606264594F200CD2592 /* Debug */,
				7B0CD607264594F200CD2592 /* Release */,
			);
			defaultConfigurationIsVisible = 0;
			defaultConfigurationName = Release;
		};
		7B0CD608264594F200CD2592 /* Build configuration list for PBXNativeTarget "Methods" */ = {
			isa = XCConfigurationList;
			buildConfigurations = (
				7B0CD609264594F200CD2592 /* Debug */,
				7B0CD60A264594F200CD2592 /* Release */,
			);
			defaultConfigurationIsVisible = 0;
			defaultConfigurationName = Release;
		};
/* End XCConfigurationList section */
	};
	rootObject = 7B0CD5F9264594F200CD2592 /* Project object */;
}
